
Microsoft Visual Studio Solution File, Format Version 12.00
# Visual Studio Version 17
VisualStudioVersion = 17.0.31903.59
MinimumVisualStudioVersion = 10.0.40219.1
Project("{FAE04EC0-301F-11D3-BF4B-00C04F79EFBC}") = "e-commerce-api.contracts", "e-commerce-api.contracts\e-commerce-api.contracts.csproj", "{E983ECD2-C81C-4A76-A157-8489C330CFC5}"
EndProject
Project("{FAE04EC0-301F-11D3-BF4B-00C04F79EFBC}") = "e-commerce-api", "e-commerce-api\e-commerce-api.csproj", "{E173E8B9-7647-4B99-AA24-0071D6B57A77}"
EndProject
Global
	GlobalSection(SolutionConfigurationPlatforms) = preSolution
		Debug|Any CPU = Debug|Any CPU
		Release|Any CPU = Release|Any CPU
	EndGlobalSection
	GlobalSection(SolutionProperties) = preSolution
		HideSolutionNode = FALSE
	EndGlobalSection
	GlobalSection(ProjectConfigurationPlatforms) = postSolution
		{E983ECD2-C81C-4A76-A157-8489C330CFC5}.Debug|Any CPU.ActiveCfg = Debug|Any CPU
		{E983ECD2-C81C-4A76-A157-8489C330CFC5}.Debug|Any CPU.Build.0 = Debug|Any CPU
		{E983ECD2-C81C-4A76-A157-8489C330CFC5}.Release|Any CPU.ActiveCfg = Release|Any CPU
		{E983ECD2-C81C-4A76-A157-8489C330CFC5}.Release|Any CPU.Build.0 = Release|Any CPU
		{E173E8B9-7647-4B99-AA24-0071D6B57A77}.Debug|Any CPU.ActiveCfg = Debug|Any CPU
		{E173E8B9-7647-4B99-AA24-0071D6B57A77}.Debug|Any CPU.Build.0 = Debug|Any CPU
		{E173E8B9-7647-4B99-AA24-0071D6B57A77}.Release|Any CPU.ActiveCfg = Release|Any CPU
		{E173E8B9-7647-4B99-AA24-0071D6B57A77}.Release|Any CPU.Build.0 = Release|Any CPU
	EndGlobalSection
EndGlobal
